
Microsoft Visual Studio Solution File, Format Version 12.00
# Visual Studio Version 17
VisualStudioVersion = 17.7.34221.43
MinimumVisualStudioVersion = 10.0.40219.1
Project("{8BC9CEB8-8B4A-11D0-8D11-00A0C91BC942}") = "maze", "maze\maze.vcxproj", "{930B36AC-CEE2-4A51-BBAF-08F9E097F021}"
EndProject
Global
	GlobalSection(SolutionConfigurationPlatforms) = preSolution
		Debug|x64 = Debug|x64
		Debug|x86 = Debug|x86
		Release|x64 = Release|x64
		Release|x86 = Release|x86
	EndGlobalSection
	GlobalSection(ProjectConfigurationPlatforms) = postSolution
		{930B36AC-CEE2-4A51-BBAF-08F9E097F021}.Debug|x64.ActiveCfg = Debug|x64
		{930B36AC-CEE2-4A51-BBAF-08F9E097F021}.Debug|x64.Build.0 = Debug|x64
		{930B36AC-CEE2-4A51-BBAF-08F9E097F021}.Debug|x86.ActiveCfg = Debug|Win32
		{930B36AC-CEE2-4A51-BBAF-08F9E097F021}.Debug|x86.Build.0 = Debug|Win32
		{930B36AC-CEE2-4A51-BBAF-08F9E097F021}.Release|x64.ActiveCfg = Release|x64
		{930B36AC-CEE2-4A51-BBAF-08F9E097F021}.Release|x64.Build.0 = Release|x64
		{930B36AC-CEE2-4A51-BBAF-08F9E097F021}.Release|x86.ActiveCfg = Release|Win32
		{930B36AC-CEE2-4A51-BBAF-08F9E097F021}.Release|x86.Build.0 = Release|Win32
	EndGlobalSection
	GlobalSection(SolutionProperties) = preSolution
		HideSolutionNode = FALSE
	EndGlobalSection
	GlobalSection(ExtensibilityGlobals) = postSolution
		SolutionGuid = {F9C39B73-8529-4F40-A886-CE3B486894E6}
	EndGlobalSection
EndGlobal
